Microsoft Visual Studio Solution File, Format Version 12.00
# Visual Studio Version 17
VisualStudioVersion = 17.0.31903.59
MinimumVisualStudioVersion = 10.0.40219.1
Project("{FAE04EC0-301F-11D3-BF4B-00C04F79EFBC}") = "BinaryTree.Core", "src\BinaryTree.Core\BinaryTree.Core.csproj", "{1A72C1B5-8A6F-4E7B-9A2D-6C1F3E5D7A90}"
EndProject
Project("{FAE04EC0-301F-11D3-BF4B-00C04F79EFBC}") = "BinaryTree.Tests", "tests\BinaryTree.Tests\BinaryTree.Tests.csproj", "{2B83D2C6-9B70-4F8C-8B3E-7D2F4E6E8BA1}"
EndProject
Project("{FAE04EC0-301F-11D3-BF4B-00C04F79EFBC}") = "BinaryTree.Api", "src\BinaryTree.Api\BinaryTree.Api.csproj", "{3C94E3D7-AC81-4A9D-9C4F-8E3A5F7F9CB2}"
EndProject
Project("{FAE04EC0-301F-11D3-BF4B-00C04F79EFBC}") = "BinaryTree.Api.Tests", "tests\BinaryTree.Api.Tests\BinaryTree.Api.Tests.csproj", "{4DA5F4E8-BD92-4BAE-AD5A-9F4B6A8FACC3}"
EndProject
Global
	GlobalSection(SolutionConfigurationPlatforms) = preSolution
		Debug|Any CPU = Debug|Any CPU
		Release|Any CPU = Release|Any CPU
	EndGlobalSection
	GlobalSection(ProjectConfigurationPlatforms) = postSolution
		{1A72C1B5-8A6F-4E7B-9A2D-6C1F3E5D7A90}.Debug|Any CPU.ActiveCfg = Debug|Any CPU
		{1A72C1B5-8A6F-4E7B-9A2D-6C1F3E5D7A90}.Debug|Any CPU.Build.0 = Debug|Any CPU
		{1A72C1B5-8A6F-4E7B-9A2D-6C1F3E5D7A90}.Release|Any CPU.ActiveCfg = Release|Any CPU
		{1A72C1B5-8A6F-4E7B-9A2D-6C1F3E5D7A90}.Release|Any CPU.Build.0 = Release|Any CPU
		{2B83D2C6-9B70-4F8C-8B3E-7D2F4E6E8BA1}.Debug|Any CPU.ActiveCfg = Debug|Any CPU
		{2B83D2C6-9B70-4F8C-8B3E-7D2F4E6E8BA1}.Debug|Any CPU.Build.0 = Debug|Any CPU
		{2B83D2C6-9B70-4F8C-8B3E-7D2F4E6E8BA1}.Release|Any CPU.ActiveCfg = Release|Any CPU
		{2B83D2C6-9B70-4F8C-8B3E-7D2F4E6E8BA1}.Release|Any CPU.Build.0 = Release|Any CPU
		{3C94E3D7-AC81-4A9D-9C4F-8E3A5F7F9CB2}.Debug|Any CPU.ActiveCfg = Debug|Any CPU
		{3C94E3D7-AC81-4A9D-9C4F-8E3A5F7F9CB2}.Debug|Any CPU.Build.0 = Debug|Any CPU
		{3C94E3D7-AC81-4A9D-9C4F-8E3A5F7F9CB2}.Release|Any CPU.ActiveCfg = Release|Any CPU
		{3C94E3D7-AC81-4A9D-9C4F-8E3A5F7F9CB2}.Release|Any CPU.Build.0 = Release|Any CPU
		{4DA5F4E8-BD92-4BAE-AD5A-9F4B6A8FACC3}.Debug|Any CPU.ActiveCfg = Debug|Any CPU
		{4DA5F4E8-BD92-4BAE-AD5A-9F4B6A8FACC3}.Debug|Any CPU.Build.0 = Debug|Any CPU
		{4DA5F4E8-BD92-4BAE-AD5A-9F4B6A8FACC3}.Release|Any CPU.ActiveCfg = Release|Any CPU
		{4DA5F4E8-BD92-4BAE-AD5A-9F4B6A8FACC3}.Release|Any CPU.Build.0 = Release|Any CPU
	EndGlobalSection
	GlobalSection(SolutionProperties) = preSolution
		HideSolutionNode = FALSE
	EndGlobalSection
EndGlobal
